<?xml version="1.0" encoding="utf-8"?>
<Project ToolsVersion="4.0" xmlns="http://schemas.microsoft.com/developer/msbuild/2003">
  <ItemGroup>
    <ClCompile Include="dllmain.cpp" />
    <ClCompile Include="sdk.cpp" />
    <ClCompile Include="imgui\imgui.cpp">
      <Filter>Source\Libraries\Imgui</Filter>
    </ClCompile>
    <ClCompile Include="imgui\imgui_demo.cpp">
      <Filter>Source\Libraries\Imgui</Filter>
    </ClCompile>
    <ClCompile Include="imgui\imgui_draw.cpp">
      <Filter>Source\Libraries\Imgui</Filter>
    </ClCompile>
    <ClCompile Include="imgui\imgui_impl_dx9.cpp">
      <Filter>Source\Libraries\Imgui</Filter>
    </ClCompile>
    <ClCompile Include="imgui\imgui_impl_win32.cpp">
      <Filter>Source\Libraries\Imgui</Filter>
    </ClCompile>
    <ClCompile Include="imgui\imgui_widgets.cpp">
      <Filter>Source\Libraries\Imgui</Filter>
    </ClCompile>
    <ClCompile Include="lua_source\lapi.c">
      <Filter>Source\Libraries\Lua</Filter>
    </ClCompile>
    <ClCompile Include="lua_source\lauxlib.c">
      <Filter>Source\Libraries\Lua</Filter>
    </ClCompile>
    <ClCompile Include="lua_source\lbaselib.c">
      <Filter>Source\Libraries\Lua</Filter>
    </ClCompile>
    <ClCompile Include="lua_source\lbitlib.c">
      <Filter>Source\Libraries\Lua</Filter>
    </ClCompile>
    <ClCompile Include="lua_source\lcode.c">
      <Filter>Source\Libraries\Lua</Filter>
    </ClCompile>
    <ClCompile Include="lua_source\lcorolib.c">
      <Filter>Source\Libraries\Lua</Filter>
    </ClCompile>
    <ClCompile Include="lua_source\lctype.c">
      <Filter>Source\Libraries\Lua</Filter>
    </ClCompile>
    <ClCompile Include="lua_source\ldblib.c">
      <Filter>Source\Libraries\Lua</Filter>
    </ClCompile>
    <ClCompile Include="lua_source\ldebug.c">
      <Filter>Source\Libraries\Lua</Filter>
    </ClCompile>
    <ClCompile Include="lua_source\ldo.c">
      <Filter>Source\Libraries\Lua</Filter>
    </ClCompile>
    <ClCompile Include="lua_source\ldump.c">
      <Filter>Source\Libraries\Lua</Filter>
    </ClCompile>
    <ClCompile Include="lua_source\lfunc.c">
      <Filter>Source\Libraries\Lua</Filter>
    </ClCompile>
    <ClCompile Include="lua_source\lgc.c">
      <Filter>Source\Libraries\Lua</Filter>
    </ClCompile>
    <ClCompile Include="lua_source\linit.c">
      <Filter>Source\Libraries\Lua</Filter>
    </ClCompile>
    <ClCompile Include="lua_source\liolib.c">
      <Filter>Source\Libraries\Lua</Filter>
    </ClCompile>
    <ClCompile Include="lua_source\llex.c">
      <Filter>Source\Libraries\Lua</Filter>
    </ClCompile>
    <ClCompile Include="lua_source\lmathlib.c">
      <Filter>Source\Libraries\Lua</Filter>
    </ClCompile>
    <ClCompile Include="lua_source\lmem.c">
      <Filter>Source\Libraries\Lua</Filter>
    </ClCompile>
    <ClCompile Include="lua_source\loadlib.c">
      <Filter>Source\Libraries\Lua</Filter>
    </ClCompile>
    <ClCompile Include="lua_source\lobject.c">
      <Filter>Source\Libraries\Lua</Filter>
    </ClCompile>
    <ClCompile Include="lua_source\lopcodes.c">
      <Filter>Source\Libraries\Lua</Filter>
    </ClCompile>
    <ClCompile Include="lua_source\loslib.c">
      <Filter>Source\Libraries\Lua</Filter>
    </ClCompile>
    <ClCompile Include="lua_source\lparser.c">
      <Filter>Source\Libraries\Lua</Filter>
    </ClCompile>
    <ClCompile Include="lua_source\lstate.c">
      <Filter>Source\Libraries\Lua</Filter>
    </ClCompile>
    <ClCompile Include="lua_source\lstring.c">
      <Filter>Source\Libraries\Lua</Filter>
    </ClCompile>
    <ClCompile Include="lua_source\lstrlib.c">
      <Filter>Source\Libraries\Lua</Filter>
    </ClCompile>
    <ClCompile Include="lua_source\ltable.c">
      <Filter>Source\Libraries\Lua</Filter>
    </ClCompile>
    <ClCompile Include="lua_source\ltablib.c">
      <Filter>Source\Libraries\Lua</Filter>
    </ClCompile>
    <ClCompile Include="lua_source\ltm.c">
      <Filter>Source\Libraries\Lua</Filter>
    </ClCompile>
    <ClCompile Include="lua_source\lua.c">
      <Filter>Source\Libraries\Lua</Filter>
    </ClCompile>
    <ClCompile Include="lua_source\luac.c">
      <Filter>Source\Libraries\Lua</Filter>
    </ClCompile>
    <ClCompile Include="lua_source\lundump.c">
      <Filter>Source\Libraries\Lua</Filter>
    </ClCompile>
    <ClCompile Include="lua_source\lutf8lib.c">
      <Filter>Source\Libraries\Lua</Filter>
    </ClCompile>
    <ClCompile Include="lua_source\lvm.c">
      <Filter>Source\Libraries\Lua</Filter>
    </ClCompile>
    <ClCompile Include="lua_source\lzio.c">
      <Filter>Source\Libraries\Lua</Filter>
    </ClCompile>
    <ClCompile Include="imgui\text_edit\TextEditor.cpp">
      <Filter>Source\Libraries\Imgui</Filter>
    </ClCompile>
    <ClCompile Include="hacks\aimbot.cpp">
      <Filter>Source\Hacks</Filter>
    </ClCompile>
    <ClCompile Include="memory\VirtualFunctionHook.cpp">
      <Filter>Source\Memory</Filter>
    </ClCompile>
    <ClCompile Include="menu\GmMenu.cpp">
      <Filter>Source\Menu</Filter>
    </ClCompile>
    <ClCompile Include="menu\GmMenuTab.cpp">
      <Filter>Source\Menu</Filter>
    </ClCompile>
    <ClCompile Include="menu\GmMenuTabManager.cpp">
      <Filter>Source\Menu</Filter>
    </ClCompile>
    <ClCompile Include="menu\GmTabAimbot.cpp">
      <Filter>Source\Menu\Tabs</Filter>
    </ClCompile>
    <ClCompile Include="menu\GmTabESP.cpp">
      <Filter>Source\Menu\Tabs</Filter>
    </ClCompile>
    <ClCompile Include="menu\GmTabMain.cpp">
      <Filter>Source\Menu\Tabs</Filter>
    </ClCompile>
    <ClCompile Include="menu\GmTabScripting.cpp">
      <Filter>Source\Menu\Tabs</Filter>
    </ClCompile>
    <ClCompile Include="menu\GmTabSettings.cpp">
      <Filter>Source\Menu\Tabs</Filter>
    </ClCompile>
    <ClCompile Include="menu\GmMenuPopup.cpp">
      <Filter>Source\Menu</Filter>
    </ClCompile>
    <ClCompile Include="hacks\beams.cpp">
      <Filter>Source\Hacks</Filter>
    </ClCompile>
    <ClCompile Include="helpers\math.cpp">
      <Filter>Source\Helpers</Filter>
    </ClCompile>
    <ClCompile Include="helpers\md5.cpp">
      <Filter>Source\Helpers</Filter>
    </ClCompile>
    <ClCompile Include="helpers\crc.cpp">
      <Filter>Source\Helpers</Filter>
    </ClCompile>
    <ClCompile Include="helpers\vector2d.cpp">
      <Filter>Source\Helpers</Filter>
    </ClCompile>
    <ClCompile Include="helpers\vmatrix.cpp">
      <Filter>Source\Helpers</Filter>
    </ClCompile>
    <ClCompile Include="hacks\esp.cpp">
      <Filter>Source\Hacks</Filter>
    </ClCompile>
    <ClCompile Include="hacks\recoil.cpp">
      <Filter>Source\Hacks</Filter>
    </ClCompile>
    <ClCompile Include="core\options.cpp">
      <Filter>Source\Core</Filter>
    </ClCompile>
    <ClCompile Include="hacks\events.cpp">
      <Filter>Source\Hacks</Filter>
    </ClCompile>
    <ClCompile Include="netvars\NetVarDumper.cpp">
      <Filter>Source\Netvars</Filter>
    </ClCompile>
    <ClCompile Include="netvars\NetvarManager.cpp">
      <Filter>Source\Netvars</Filter>
    </ClCompile>
    <ClCompile Include="core\luamanager.cpp">
      <Filter>Source\Core</Filter>
    </ClCompile>
    <ClCompile Include="core\luabindings.cpp">
      <Filter>Source\Core</Filter>
    </ClCompile>
    <ClCompile Include="core\hooks.cpp">
      <Filter>Source\Core</Filter>
    </ClCompile>
    <ClCompile Include="helpers\utils.cpp">
      <Filter>Source\Helpers</Filter>
    </ClCompile>
    <ClCompile Include="imgui\imconfig.cpp">
      <Filter>Source\Libraries\Imgui</Filter>
    </ClCompile>
    <ClCompile Include="core\imgui_custom.cpp">
      <Filter>Source\Core</Filter>
    </ClCompile>
    <ClCompile Include="utlbuf\UtlBuffer.cpp">
      <Filter>Source\UtlBuffer</Filter>
    </ClCompile>
    <ClCompile Include="utlbuf\UtlString.cpp">
      <Filter>Source\UtlBuffer</Filter>
    </ClCompile>
    <ClCompile Include="sdk\IVEngineClient.cpp">
      <Filter>Source\GmodSDK</Filter>
    </ClCompile>
    <ClCompile Include="sdk\C_BaseEntity.cpp">
      <Filter>Source\GmodSDK</Filter>
    </ClCompile>
    <ClCompile Include="sdk\characterset.cpp">
      <Filter>Source\GmodSDK</Filter>
    </ClCompile>
    <ClCompile Include="sdk\Convar.cpp">
      <Filter>Source\GmodSDK</Filter>
    </ClCompile>
    <ClCompile Include="core\dx.cpp">
      <Filter>Source\Core</Filter>
    </ClCompile>
  </ItemGroup>
  <ItemGroup>
    <ClInclude Include="sdk.h" />
    <ClInclude Include="imgui\imstb_truetype.h">
      <Filter>Source\Libraries\Imgui</Filter>
    </ClInclude>
    <ClInclude Include="imgui\imconfig.h">
      <Filter>Source\Libraries\Imgui</Filter>
    </ClInclude>
    <ClInclude Include="imgui\imgui.h">
      <Filter>Source\Libraries\Imgui</Filter>
    </ClInclude>
    <ClInclude Include="imgui\imgui_impl_dx9.h">
      <Filter>Source\Libraries\Imgui</Filter>
    </ClInclude>
    <ClInclude Include="imgui\imgui_impl_win32.h">
      <Filter>Source\Libraries\Imgui</Filter>
    </ClInclude>
    <ClInclude Include="imgui\imgui_internal.h">
      <Filter>Source\Libraries\Imgui</Filter>
    </ClInclude>
    <ClInclude Include="imgui\imstb_rectpack.h">
      <Filter>Source\Libraries\Imgui</Filter>
    </ClInclude>
    <ClInclude Include="imgui\imstb_textedit.h">
      <Filter>Source\Libraries\Imgui</Filter>
    </ClInclude>
    <ClInclude Include="lua_source\lua.hpp">
      <Filter>Source\Libraries\Lua</Filter>
    </ClInclude>
    <ClInclude Include="lua_source\lapi.h">
      <Filter>Source\Libraries\Lua</Filter>
    </ClInclude>
    <ClInclude Include="lua_source\lauxlib.h">
      <Filter>Source\Libraries\Lua</Filter>
    </ClInclude>
    <ClInclude Include="lua_source\lcode.h">
      <Filter>Source\Libraries\Lua</Filter>
    </ClInclude>
    <ClInclude Include="lua_source\lctype.h">
      <Filter>Source\Libraries\Lua</Filter>
    </ClInclude>
    <ClInclude Include="lua_source\ldebug.h">
      <Filter>Source\Libraries\Lua</Filter>
    </ClInclude>
    <ClInclude Include="lua_source\ldo.h">
      <Filter>Source\Libraries\Lua</Filter>
    </ClInclude>
    <ClInclude Include="lua_source\lfunc.h">
      <Filter>Source\Libraries\Lua</Filter>
    </ClInclude>
    <ClInclude Include="lua_source\lgc.h">
      <Filter>Source\Libraries\Lua</Filter>
    </ClInclude>
    <ClInclude Include="lua_source\llex.h">
      <Filter>Source\Libraries\Lua</Filter>
    </ClInclude>
    <ClInclude Include="lua_source\llimits.h">
      <Filter>Source\Libraries\Lua</Filter>
    </ClInclude>
    <ClInclude Include="lua_source\lmem.h">
      <Filter>Source\Libraries\Lua</Filter>
    </ClInclude>
    <ClInclude Include="lua_source\lobject.h">
      <Filter>Source\Libraries\Lua</Filter>
    </ClInclude>
    <ClInclude Include="lua_source\lopcodes.h">
      <Filter>Source\Libraries\Lua</Filter>
    </ClInclude>
    <ClInclude Include="lua_source\lparser.h">
      <Filter>Source\Libraries\Lua</Filter>
    </ClInclude>
    <ClInclude Include="lua_source\lprefix.h">
      <Filter>Source\Libraries\Lua</Filter>
    </ClInclude>
    <ClInclude Include="lua_source\lstate.h">
      <Filter>Source\Libraries\Lua</Filter>
    </ClInclude>
    <ClInclude Include="lua_source\lstring.h">
      <Filter>Source\Libraries\Lua</Filter>
    </ClInclude>
    <ClInclude Include="lua_source\ltable.h">
      <Filter>Source\Libraries\Lua</Filter>
    </ClInclude>
    <ClInclude Include="lua_source\ltm.h">
      <Filter>Source\Libraries\Lua</Filter>
    </ClInclude>
    <ClInclude Include="lua_source\lua.h">
      <Filter>Source\Libraries\Lua</Filter>
    </ClInclude>
    <ClInclude Include="lua_source\luaconf.h">
      <Filter>Source\Libraries\Lua</Filter>
    </ClInclude>
    <ClInclude Include="lua_source\lualib.h">
      <Filter>Source\Libraries\Lua</Filter>
    </ClInclude>
    <ClInclude Include="lua_source\lundump.h">
      <Filter>Source\Libraries\Lua</Filter>
    </ClInclude>
    <ClInclude Include="lua_source\lvm.h">
      <Filter>Source\Libraries\Lua</Filter>
    </ClInclude>
    <ClInclude Include="lua_source\lzio.h">
      <Filter>Source\Libraries\Lua</Filter>
    </ClInclude>
    <ClInclude Include="imgui\text_edit\TextEditor.h">
      <Filter>Source\Libraries\Imgui</Filter>
    </ClInclude>
    <ClInclude Include="hacks\aimbot.h">
      <Filter>Source\Hacks</Filter>
    </ClInclude>
    <ClInclude Include="memory\VirtualFunctionHook.h">
      <Filter>Source\Memory</Filter>
    </ClInclude>
    <ClInclude Include="memory\VirtualProtectGuard.h">
      <Filter>Source\Memory</Filter>
    </ClInclude>
    <ClInclude Include="menu\GmMenu.h">
      <Filter>Source\Menu</Filter>
    </ClInclude>
    <ClInclude Include="menu\GmMenuTab.h">
      <Filter>Source\Menu</Filter>
    </ClInclude>
    <ClInclude Include="menu\GmMenuTabManager.h">
      <Filter>Source\Menu</Filter>
    </ClInclude>
    <ClInclude Include="menu\GmTabAimbot.h">
      <Filter>Source\Menu\Tabs</Filter>
    </ClInclude>
    <ClInclude Include="menu\GmTabESP.h">
      <Filter>Source\Menu\Tabs</Filter>
    </ClInclude>
    <ClInclude Include="menu\GmTabMain.h">
      <Filter>Source\Menu\Tabs</Filter>
    </ClInclude>
    <ClInclude Include="menu\GmTabScripting.h">
      <Filter>Source\Menu\Tabs</Filter>
    </ClInclude>
    <ClInclude Include="menu\GmTabSettings.h">
      <Filter>Source\Menu\Tabs</Filter>
    </ClInclude>
    <ClInclude Include="menu\GmMenuPopup.h">
      <Filter>Source\Menu</Filter>
    </ClInclude>
    <ClInclude Include="hacks\beams.h">
      <Filter>Source\Hacks</Filter>
    </ClInclude>
    <ClInclude Include="helpers\color.h">
      <Filter>Source\Helpers</Filter>
    </ClInclude>
    <ClInclude Include="helpers\math.h">
      <Filter>Source\Helpers</Filter>
    </ClInclude>
    <ClInclude Include="helpers\md5.h">
      <Filter>Source\Helpers</Filter>
    </ClInclude>
    <ClInclude Include="helpers\crc.h">
      <Filter>Source\Helpers</Filter>
    </ClInclude>
    <ClInclude Include="helpers\obfs.h">
      <Filter>Source\Helpers</Filter>
    </ClInclude>
    <ClInclude Include="helpers\qangle.h">
      <Filter>Source\Helpers</Filter>
    </ClInclude>
    <ClInclude Include="helpers\thread.h">
      <Filter>Source\Helpers</Filter>
    </ClInclude>
    <ClInclude Include="helpers\singleton.h">
      <Filter>Source\Helpers</Filter>
    </ClInclude>
    <ClInclude Include="helpers\random.h">
      <Filter>Source\Helpers</Filter>
    </ClInclude>
    <ClInclude Include="helpers\vmatrix.h">
      <Filter>Source\Helpers</Filter>
    </ClInclude>
    <ClInclude Include="helpers\vector.h">
      <Filter>Source\Helpers</Filter>
    </ClInclude>
    <ClInclude Include="helpers\vector2d.h">
      <Filter>Source\Helpers</Filter>
    </ClInclude>
    <ClInclude Include="resources\Cousine.h">
      <Filter>Resources</Filter>
    </ClInclude>
    <ClInclude Include="resources\droid.h">
      <Filter>Resources</Filter>
    </ClInclude>
    <ClInclude Include="resources\Fonts2.h">
      <Filter>Resources</Filter>
    </ClInclude>
    <ClInclude Include="resources\icons.h">
      <Filter>Resources</Filter>
    </ClInclude>
    <ClInclude Include="resources\menu_icons.h">
      <Filter>Resources</Filter>
    </ClInclude>
    <ClInclude Include="resources\ProggyTiny.h">
      <Filter>Resources</Filter>
    </ClInclude>
    <ClInclude Include="resources\profont.h">
      <Filter>Resources</Filter>
    </ClInclude>
    <ClInclude Include="hacks\esp.h">
      <Filter>Source\Hacks</Filter>
    </ClInclude>
    <ClInclude Include="hacks\recoil.h">
      <Filter>Source\Hacks</Filter>
    </ClInclude>
    <ClInclude Include="core\options.h">
      <Filter>Source\Core</Filter>
    </ClInclude>
    <ClInclude Include="hacks\events.h">
      <Filter>Source\Hacks</Filter>
    </ClInclude>
    <ClInclude Include="netvars\NetVarDumper.h">
      <Filter>Source\Netvars</Filter>
    </ClInclude>
    <ClInclude Include="netvars\NetvarManager.h">
      <Filter>Source\Netvars</Filter>
    </ClInclude>
    <ClInclude Include="core\luamanager.h">
      <Filter>Source\Core</Filter>
    </ClInclude>
    <ClInclude Include="core\luabindings.h">
      <Filter>Source\Core</Filter>
    </ClInclude>
    <ClInclude Include="core\hooks.h">
      <Filter>Source\Core</Filter>
    </ClInclude>
    <ClInclude Include="helpers\utils.h">
      <Filter>Source\Helpers</Filter>
    </ClInclude>
    <ClInclude Include="core\imgui_custom.h">
      <Filter>Source\Core</Filter>
    </ClInclude>
    <ClInclude Include="gmod\luaShared.h">
      <Filter>Source\Gmod</Filter>
    </ClInclude>
    <ClInclude Include="gmod\glua_types.h">
      <Filter>Source\Gmod</Filter>
    </ClInclude>
    <ClInclude Include="utlbuf\UtlVector.hpp">
      <Filter>Source\UtlBuffer</Filter>
    </ClInclude>
    <ClInclude Include="utlbuf\UtlBuffer.hpp">
      <Filter>Source\UtlBuffer</Filter>
    </ClInclude>
    <ClInclude Include="utlbuf\UtlMemory.hpp">
      <Filter>Source\UtlBuffer</Filter>
    </ClInclude>
    <ClInclude Include="utlbuf\UtlString.hpp">
      <Filter>Source\UtlBuffer</Filter>
    </ClInclude>
    <ClInclude Include="sdk\icliententity.h">
      <Filter>Source\GmodSDK</Filter>
    </ClInclude>
    <ClInclude Include="sdk\IClientMode.h">
      <Filter>Source\GmodSDK</Filter>
    </ClInclude>
    <ClInclude Include="sdk\iclientnetworkable.h">
      <Filter>Source\GmodSDK</Filter>
    </ClInclude>
    <ClInclude Include="sdk\iclientrenderable.h">
      <Filter>Source\GmodSDK</Filter>
    </ClInclude>
    <ClInclude Include="sdk\iclientthinkable.h">
      <Filter>Source\GmodSDK</Filter>
    </ClInclude>
    <ClInclude Include="sdk\iclientunknown.h">
      <Filter>Source\GmodSDK</Filter>
    </ClInclude>
    <ClInclude Include="sdk\ICollideable.h">
      <Filter>Source\GmodSDK</Filter>
    </ClInclude>
    <ClInclude Include="sdk\IConVar.h">
      <Filter>Source\GmodSDK</Filter>
    </ClInclude>
    <ClInclude Include="sdk\ICvar.h">
      <Filter>Source\GmodSDK</Filter>
    </ClInclude>
    <ClInclude Include="sdk\IVModelInfo.h">
      <Filter>Source\GmodSDK</Filter>
    </ClInclude>
    <ClInclude Include="sdk\IEntityList.h">
      <Filter>Source\GmodSDK</Filter>
    </ClInclude>
    <ClInclude Include="sdk\IGameEventManager.h">
      <Filter>Source\GmodSDK</Filter>
    </ClInclude>
    <ClInclude Include="sdk\ihandleentity.h">
      <Filter>Source\GmodSDK</Filter>
    </ClInclude>
    <ClInclude Include="sdk\IInputSystem.h">
      <Filter>Source\GmodSDK</Filter>
    </ClInclude>
    <ClInclude Include="sdk\Interface.h">
      <Filter>Source\GmodSDK</Filter>
    </ClInclude>
    <ClInclude Include="sdk\ISurface.h">
      <Filter>Source\GmodSDK</Filter>
    </ClInclude>
    <ClInclude Include="sdk\IVEngineClient.h">
      <Filter>Source\GmodSDK</Filter>
    </ClInclude>
    <ClInclude Include="sdk\IViewRenderBeams.h">
      <Filter>Source\GmodSDK</Filter>
    </ClInclude>
    <ClInclude Include="sdk\mem.h">
      <Filter>Source\GmodSDK</Filter>
    </ClInclude>
    <ClInclude Include="sdk\memalloc.h">
      <Filter>Source\GmodSDK</Filter>
    </ClInclude>
    <ClInclude Include="sdk\platform.h">
      <Filter>Source\GmodSDK</Filter>
    </ClInclude>
    <ClInclude Include="sdk\Recv.h">
      <Filter>Source\GmodSDK</Filter>
    </ClInclude>
    <ClInclude Include="sdk\basetypes.h">
      <Filter>Source\GmodSDK</Filter>
    </ClInclude>
    <ClInclude Include="sdk\bitbuf.h">
      <Filter>Source\GmodSDK</Filter>
    </ClInclude>
    <ClInclude Include="sdk\C_BaseEntity.h">
      <Filter>Source\GmodSDK</Filter>
    </ClInclude>
    <ClInclude Include="sdk\C_GMOD_Player.h">
      <Filter>Source\GmodSDK</Filter>
    </ClInclude>
    <ClInclude Include="sdk\CBaseHandle.h">
      <Filter>Source\GmodSDK</Filter>
    </ClInclude>
    <ClInclude Include="sdk\CGlobalVarsBase.h">
      <Filter>Source\GmodSDK</Filter>
    </ClInclude>
    <ClInclude Include="sdk\characterset.h">
      <Filter>Source\GmodSDK</Filter>
    </ClInclude>
    <ClInclude Include="sdk\CHudChat.h">
      <Filter>Source\GmodSDK</Filter>
    </ClInclude>
    <ClInclude Include="sdk\CInput.h">
      <Filter>Source\GmodSDK</Filter>
    </ClInclude>
    <ClInclude Include="sdk\ClientClass.h">
      <Filter>Source\GmodSDK</Filter>
    </ClInclude>
    <ClInclude Include="sdk\clientrenderhandle.h">
      <Filter>Source\GmodSDK</Filter>
    </ClInclude>
    <ClInclude Include="sdk\Convar.h">
      <Filter>Source\GmodSDK</Filter>
    </ClInclude>
    <ClInclude Include="sdk\CViewRender.h">
      <Filter>Source\GmodSDK</Filter>
    </ClInclude>
    <ClInclude Include="sdk\EngineNetworking.h">
      <Filter>Source\GmodSDK</Filter>
    </ClInclude>
    <ClInclude Include="sdk\IAppSystem.h">
      <Filter>Source\GmodSDK</Filter>
    </ClInclude>
    <ClInclude Include="sdk\IBaseClientDLL.h">
      <Filter>Source\GmodSDK</Filter>
    </ClInclude>
    <ClInclude Include="core\dx.h">
      <Filter>Source\Core</Filter>
    </ClInclude>
    <ClInclude Include="core\globals.h">
      <Filter>Source\Core</Filter>
    </ClInclude>
    <ClInclude Include="detours.h" />
  </ItemGroup>
  <ItemGroup>
    <Filter Include="Source">
      <UniqueIdentifier>{e68ea8ac-3c93-4f8b-b731-af5929df6a17}</UniqueIdentifier>
    </Filter>
    <Filter Include="Source\Hacks">
      <UniqueIdentifier>{c94c3338-0d52-4e19-8c5f-5958fc5ae81b}</UniqueIdentifier>
    </Filter>
    <Filter Include="Source\Menu">
      <UniqueIdentifier>{1b6f0c70-1b97-4807-b32e-4ec493732819}</UniqueIdentifier>
    </Filter>
    <Filter Include="Source\Helpers">
      <UniqueIdentifier>{cc3cee0b-f693-4bcd-a9ab-428ca2ccca77}</UniqueIdentifier>
    </Filter>
    <Filter Include="Source\Libraries">
      <UniqueIdentifier>{557f6cd8-c605-4593-abe8-a70df33c7d22}</UniqueIdentifier>
    </Filter>
    <Filter Include="Source\Libraries\Imgui">
      <UniqueIdentifier>{c431ba7c-2c0a-4cd2-93fa-3cf8754d3f8a}</UniqueIdentifier>
    </Filter>
    <Filter Include="Source\Libraries\Lua">
      <UniqueIdentifier>{57654dde-0079-42b3-b096-aa7037224b33}</UniqueIdentifier>
    </Filter>
    <Filter Include="Source\GmodSDK">
      <UniqueIdentifier>{71bbfd46-c04e-4f5b-835a-0556c8b6cdeb}</UniqueIdentifier>
    </Filter>
    <Filter Include="Resources">
      <UniqueIdentifier>{3aadeead-cdd1-4b49-9ab2-15a4009ac5d7}</UniqueIdentifier>
    </Filter>
    <Filter Include="Source\Menu\Tabs">
      <UniqueIdentifier>{85e6f097-ab6f-417b-ac55-c194d6d05b4e}</UniqueIdentifier>
    </Filter>
    <Filter Include="Source\Memory">
      <UniqueIdentifier>{3c2df8b4-4146-42d1-a53e-a0df2c8316c6}</UniqueIdentifier>
    </Filter>
    <Filter Include="Source\Netvars">
      <UniqueIdentifier>{f9cea3ea-44e4-489a-b52c-5b70c8e11dc7}</UniqueIdentifier>
    </Filter>
    <Filter Include="Source\Core">
      <UniqueIdentifier>{a7991d07-16ae-41a4-9f3f-3efdeabd1c89}</UniqueIdentifier>
    </Filter>
    <Filter Include="Source\Gmod">
      <UniqueIdentifier>{9cfd1f79-49ad-4fec-9091-70f831b371dc}</UniqueIdentifier>
    </Filter>
    <Filter Include="Source\UtlBuffer">
      <UniqueIdentifier>{f91bfa75-102c-4463-b550-faca01bbf8c3}</UniqueIdentifier>
    </Filter>
  </ItemGroup>
</Project>